
Microsoft Visual Studio Solution File, Format Version 12.00
# Visual Studio Version 16
VisualStudioVersion = 16.0.30406.217
MinimumVisualStudioVersion = 10.0.40219.1
Project("{9A19103F-16F7-4668-BE54-9A1E7A4F7556}") = "MarsRover", "MarsRover\MarsRover.csproj", "{A17B3715-EB05-4A8B-BA31-0B20280A9383}"
EndProject
Project("{FAE04EC0-301F-11D3-BF4B-00C04F79EFBC}") = "MarsRover.Test", "MarsRover.Test\MarsRover.Test.csproj", "{30B266CD-A141-4246-940A-3A5BDADB5E44}"
EndProject
Global
	GlobalSection(SolutionConfigurationPlatforms) = preSolution
		Debug|Any CPU = Debug|Any CPU
		Release|Any CPU = Release|Any CPU
	EndGlobalSection
	GlobalSection(ProjectConfigurationPlatforms) = postSolution
		{A17B3715-EB05-4A8B-BA31-0B20280A9383}.Debug|Any CPU.ActiveCfg = Debug|Any CPU
		{A17B3715-EB05-4A8B-BA31-0B20280A9383}.Debug|Any CPU.Build.0 = Debug|Any CPU
		{A17B3715-EB05-4A8B-BA31-0B20280A9383}.Release|Any CPU.ActiveCfg = Release|Any CPU
		{A17B3715-EB05-4A8B-BA31-0B20280A9383}.Release|Any CPU.Build.0 = Release|Any CPU
		{30B266CD-A141-4246-940A-3A5BDADB5E44}.Debug|Any CPU.ActiveCfg = Debug|Any CPU
		{30B266CD-A141-4246-940A-3A5BDADB5E44}.Debug|Any CPU.Build.0 = Debug|Any CPU
		{30B266CD-A141-4246-940A-3A5BDADB5E44}.Release|Any CPU.ActiveCfg = Release|Any CPU
		{30B266CD-A141-4246-940A-3A5BDADB5E44}.Release|Any CPU.Build.0 = Release|Any CPU
	EndGlobalSection
	GlobalSection(SolutionProperties) = preSolution
		HideSolutionNode = FALSE
	EndGlobalSection
	GlobalSection(ExtensibilityGlobals) = postSolution
		SolutionGuid = {EA79515C-78E9-4712-8C3F-14AEFD3463F7}
	EndGlobalSection
EndGlobal
